
Microsoft Visual Studio Solution File, Format Version 12.00
# Visual Studio Version 17
VisualStudioVersion = 17.14.36203.30 d17.14
MinimumVisualStudioVersion = 10.0.40219.1
Project("{FAE04EC0-301F-11D3-BF4B-00C04F79EFBC}") = "ProjetCalculatriceUA1", "ProjetCalculatriceUA1\ProjetCalculatriceUA1.csproj", "{DA51CEA5-17CA-45DF-BDA9-FFB8C7B755FC}"
EndProject
Global
	GlobalSection(SolutionConfigurationPlatforms) = preSolution
		Debug|Any CPU = Debug|Any CPU
		Release|Any CPU = Release|Any CPU
	EndGlobalSection
	GlobalSection(ProjectConfigurationPlatforms) = postSolution
		{DA51CEA5-17CA-45DF-BDA9-FFB8C7B755FC}.Debug|Any CPU.ActiveCfg = Debug|Any CPU
		{DA51CEA5-17CA-45DF-BDA9-FFB8C7B755FC}.Debug|Any CPU.Build.0 = Debug|Any CPU
		{DA51CEA5-17CA-45DF-BDA9-FFB8C7B755FC}.Release|Any CPU.ActiveCfg = Release|Any CPU
		{DA51CEA5-17CA-45DF-BDA9-FFB8C7B755FC}.Release|Any CPU.Build.0 = Release|Any CPU
	EndGlobalSection
	GlobalSection(SolutionProperties) = preSolution
		HideSolutionNode = FALSE
	EndGlobalSection
	GlobalSection(ExtensibilityGlobals) = postSolution
		SolutionGuid = {29F356AB-1FD1-4BF7-809A-84FCE1D1A56D}
	EndGlobalSection
EndGlobal
